
Microsoft Visual Studio Solution File, Format Version 12.00
# Visual Studio 15
VisualStudioVersion = 15.0.27703.2018
MinimumVisualStudioVersion = 10.0.40219.1
Project("{FAE04EC0-301F-11D3-BF4B-00C04F79EFBC}") = "1", "1\1.csproj", "{DCD58076-A6AE-4DB2-8EA2-42FE5F1001CE}"
EndProject
Project("{FAE04EC0-301F-11D3-BF4B-00C04F79EFBC}") = "2", "2\2.csproj", "{5E575494-7A1B-4721-97A1-21303A960391}"
EndProject
Project("{FAE04EC0-301F-11D3-BF4B-00C04F79EFBC}") = "3", "3\3.csproj", "{B3C96DFF-B53B-489A-9ED4-DF4E0F07537F}"
EndProject
Project("{FAE04EC0-301F-11D3-BF4B-00C04F79EFBC}") = "4", "4\4.csproj", "{B570BC0B-7CC6-4929-AD05-720EBFEE7F77}"
EndProject
Project("{FAE04EC0-301F-11D3-BF4B-00C04F79EFBC}") = "5", "5\5.csproj", "{1CF3FE56-643B-49B5-A162-60549E7A7C63}"
EndProject
Project("{FAE04EC0-301F-11D3-BF4B-00C04F79EFBC}") = "6", "6\6.csproj", "{FF4B6997-1B96-4AEA-B578-C27644531FCA}"
EndProject
Project("{FAE04EC0-301F-11D3-BF4B-00C04F79EFBC}") = "7", "7\7.csproj", "{6E0F87BD-56B5-44F3-8BD5-6BDCF3B3A8BC}"
EndProject
Project("{FAE04EC0-301F-11D3-BF4B-00C04F79EFBC}") = "8", "8\8.csproj", "{2F143B12-A4E1-44F1-9842-870A6FDDBA71}"
EndProject
Project("{FAE04EC0-301F-11D3-BF4B-00C04F79EFBC}") = "9", "9\9.csproj", "{51C3DD42-2383-43A3-AC53-7D50CBE287E5}"
EndProject
Project("{FAE04EC0-301F-11D3-BF4B-00C04F79EFBC}") = "10", "10\10.csproj", "{D6DA7A1D-D92B-4D15-BAA5-82D33CF3310B}"
EndProject
Global
	GlobalSection(SolutionConfigurationPlatforms) = preSolution
		Debug|Any CPU = Debug|Any CPU
		Release|Any CPU = Release|Any CPU
	EndGlobalSection
	GlobalSection(ProjectConfigurationPlatforms) = postSolution
		{DCD58076-A6AE-4DB2-8EA2-42FE5F1001CE}.Debug|Any CPU.ActiveCfg = Debug|Any CPU
		{DCD58076-A6AE-4DB2-8EA2-42FE5F1001CE}.Debug|Any CPU.Build.0 = Debug|Any CPU
		{DCD58076-A6AE-4DB2-8EA2-42FE5F1001CE}.Release|Any CPU.ActiveCfg = Release|Any CPU
		{DCD58076-A6AE-4DB2-8EA2-42FE5F1001CE}.Release|Any CPU.Build.0 = Release|Any CPU
		{5E575494-7A1B-4721-97A1-21303A960391}.Debug|Any CPU.ActiveCfg = Debug|Any CPU
		{5E575494-7A1B-4721-97A1-21303A960391}.Debug|Any CPU.Build.0 = Debug|Any CPU
		{5E575494-7A1B-4721-97A1-21303A960391}.Release|Any CPU.ActiveCfg = Release|Any CPU
		{5E575494-7A1B-4721-97A1-21303A960391}.Release|Any CPU.Build.0 = Release|Any CPU
		{B3C96DFF-B53B-489A-9ED4-DF4E0F07537F}.Debug|Any CPU.ActiveCfg = Debug|Any CPU
		{B3C96DFF-B53B-489A-9ED4-DF4E0F07537F}.Debug|Any CPU.Build.0 = Debug|Any CPU
		{B3C96DFF-B53B-489A-9ED4-DF4E0F07537F}.Release|Any CPU.ActiveCfg = Release|Any CPU
		{B3C96DFF-B53B-489A-9ED4-DF4E0F07537F}.Release|Any CPU.Build.0 = Release|Any CPU
		{B570BC0B-7CC6-4929-AD05-720EBFEE7F77}.Debug|Any CPU.ActiveCfg = Debug|Any CPU
		{B570BC0B-7CC6-4929-AD05-720EBFEE7F77}.Debug|Any CPU.Build.0 = Debug|Any CPU
		{B570BC0B-7CC6-4929-AD05-720EBFEE7F77}.Release|Any CPU.ActiveCfg = Release|Any CPU
		{B570BC0B-7CC6-4929-AD05-720EBFEE7F77}.Release|Any CPU.Build.0 = Release|Any CPU
		{1CF3FE56-643B-49B5-A162-60549E7A7C63}.Debug|Any CPU.ActiveCfg = Debug|Any CPU
		{1CF3FE56-643B-49B5-A162-60549E7A7C63}.Debug|Any CPU.Build.0 = Debug|Any CPU
		{1CF3FE56-643B-49B5-A162-60549E7A7C63}.Release|Any CPU.ActiveCfg = Release|Any CPU
		{1CF3FE56-643B-49B5-A162-60549E7A7C63}.Release|Any CPU.Build.0 = Release|Any CPU
		{FF4B6997-1B96-4AEA-B578-C27644531FCA}.Debug|Any CPU.ActiveCfg = Debug|Any CPU
		{FF4B6997-1B96-4AEA-B578-C27644531FCA}.Debug|Any CPU.Build.0 = Debug|Any CPU
		{FF4B6997-1B96-4AEA-B578-C27644531FCA}.Release|Any CPU.ActiveCfg = Release|Any CPU
		{FF4B6997-1B96-4AEA-B578-C27644531FCA}.Release|Any CPU.Build.0 = Release|Any CPU
		{6E0F87BD-56B5-44F3-8BD5-6BDCF3B3A8BC}.Debug|Any CPU.ActiveCfg = Debug|Any CPU
		{6E0F87BD-56B5-44F3-8BD5-6BDCF3B3A8BC}.Debug|Any CPU.Build.0 = Debug|Any CPU
		{6E0F87BD-56B5-44F3-8BD5-6BDCF3B3A8BC}.Release|Any CPU.ActiveCfg = Release|Any CPU
		{6E0F87BD-56B5-44F3-8BD5-6BDCF3B3A8BC}.Release|Any CPU.Build.0 = Release|Any CPU
		{2F143B12-A4E1-44F1-9842-870A6FDDBA71}.Debug|Any CPU.ActiveCfg = Debug|Any CPU
		{2F143B12-A4E1-44F1-9842-870A6FDDBA71}.Debug|Any CPU.Build.0 = Debug|Any CPU
		{2F143B12-A4E1-44F1-9842-870A6FDDBA71}.Release|Any CPU.ActiveCfg = Release|Any CPU
		{2F143B12-A4E1-44F1-9842-870A6FDDBA71}.Release|Any CPU.Build.0 = Release|Any CPU
		{51C3DD42-2383-43A3-AC53-7D50CBE287E5}.Debug|Any CPU.ActiveCfg = Debug|Any CPU
		{51C3DD42-2383-43A3-AC53-7D50CBE287E5}.Debug|Any CPU.Build.0 = Debug|Any CPU
		{51C3DD42-2383-43A3-AC53-7D50CBE287E5}.Release|Any CPU.ActiveCfg = Release|Any CPU
		{51C3DD42-2383-43A3-AC53-7D50CBE287E5}.Release|Any CPU.Build.0 = Release|Any CPU
		{D6DA7A1D-D92B-4D15-BAA5-82D33CF3310B}.Debug|Any CPU.ActiveCfg = Debug|Any CPU
		{D6DA7A1D-D92B-4D15-BAA5-82D33CF3310B}.Debug|Any CPU.Build.0 = Debug|Any CPU
		{D6DA7A1D-D92B-4D15-BAA5-82D33CF3310B}.Release|Any CPU.ActiveCfg = Release|Any CPU
		{D6DA7A1D-D92B-4D15-BAA5-82D33CF3310B}.Release|Any CPU.Build.0 = Release|Any CPU
	EndGlobalSection
	GlobalSection(SolutionProperties) = preSolution
		HideSolutionNode = FALSE
	EndGlobalSection
	GlobalSection(ExtensibilityGlobals) = postSolution
		SolutionGuid = {7C5A7280-7911-453D-B66B-FDDF57D9B247}
	EndGlobalSection
EndGlobal
